
Microsoft Visual Studio Solution File, Format Version 12.00
# Visual Studio Version 17
VisualStudioVersion = 17.9.34723.18
MinimumVisualStudioVersion = 10.0.40219.1
Project("{2150E333-8FDC-42A3-9474-1A3956D46DE8}") = "Core", "Core", "{02545CA1-E0C2-4BEC-9AD1-7089345BEAC6}"
EndProject
Project("{2150E333-8FDC-42A3-9474-1A3956D46DE8}") = "Infrastructure", "Infrastructure", "{486AAFBD-4E1E-4304-B6CD-2F34F7B48844}"
EndProject
Project("{2150E333-8FDC-42A3-9474-1A3956D46DE8}") = "Presentation", "Presentation", "{00E4820F-4FCE-405B-ABEA-48566DBAF9F1}"
EndProject
Project("{9A19103F-16F7-4668-BE54-9A1E7A4F7556}") = "TransportCargo.Domain", "TransportCargo.Domain\TransportCargo.Domain.csproj", "{12C21DD7-144B-4A1D-82DA-F796C8244D98}"
EndProject
Project("{9A19103F-16F7-4668-BE54-9A1E7A4F7556}") = "TransportCargo.Persistence", "TransportCargo.Persistence\TransportCargo.Persistence.csproj", "{F7C11EE8-5F83-4B5D-A635-B44DF4D8E250}"
EndProject
Project("{FAE04EC0-301F-11D3-BF4B-00C04F79EFBC}") = "TransportCargo.Application", "TransportCargo.Application\TransportCargo.Application.csproj", "{D3B1062E-7A66-4767-BAC6-C36616C06B87}"
EndProject
Project("{FAE04EC0-301F-11D3-BF4B-00C04F79EFBC}") = "TransportCargo.WebAPI", "TransportCargo.WebAPI\TransportCargo.WebAPI.csproj", "{5CC18E57-7D23-4932-8229-2DF73001B20D}"
EndProject
Global
	GlobalSection(SolutionConfigurationPlatforms) = preSolution
		Debug|Any CPU = Debug|Any CPU
		Release|Any CPU = Release|Any CPU
	EndGlobalSection
	GlobalSection(ProjectConfigurationPlatforms) = postSolution
		{12C21DD7-144B-4A1D-82DA-F796C8244D98}.Debug|Any CPU.ActiveCfg = Debug|Any CPU
		{12C21DD7-144B-4A1D-82DA-F796C8244D98}.Debug|Any CPU.Build.0 = Debug|Any CPU
		{12C21DD7-144B-4A1D-82DA-F796C8244D98}.Release|Any CPU.ActiveCfg = Release|Any CPU
		{12C21DD7-144B-4A1D-82DA-F796C8244D98}.Release|Any CPU.Build.0 = Release|Any CPU
		{F7C11EE8-5F83-4B5D-A635-B44DF4D8E250}.Debug|Any CPU.ActiveCfg = Debug|Any CPU
		{F7C11EE8-5F83-4B5D-A635-B44DF4D8E250}.Debug|Any CPU.Build.0 = Debug|Any CPU
		{F7C11EE8-5F83-4B5D-A635-B44DF4D8E250}.Release|Any CPU.ActiveCfg = Release|Any CPU
		{F7C11EE8-5F83-4B5D-A635-B44DF4D8E250}.Release|Any CPU.Build.0 = Release|Any CPU
		{D3B1062E-7A66-4767-BAC6-C36616C06B87}.Debug|Any CPU.ActiveCfg = Debug|Any CPU
		{D3B1062E-7A66-4767-BAC6-C36616C06B87}.Debug|Any CPU.Build.0 = Debug|Any CPU
		{D3B1062E-7A66-4767-BAC6-C36616C06B87}.Release|Any CPU.ActiveCfg = Release|Any CPU
		{D3B1062E-7A66-4767-BAC6-C36616C06B87}.Release|Any CPU.Build.0 = Release|Any CPU
		{5CC18E57-7D23-4932-8229-2DF73001B20D}.Debug|Any CPU.ActiveCfg = Debug|Any CPU
		{5CC18E57-7D23-4932-8229-2DF73001B20D}.Debug|Any CPU.Build.0 = Debug|Any CPU
		{5CC18E57-7D23-4932-8229-2DF73001B20D}.Release|Any CPU.ActiveCfg = Release|Any CPU
		{5CC18E57-7D23-4932-8229-2DF73001B20D}.Release|Any CPU.Build.0 = Release|Any CPU
	EndGlobalSection
	GlobalSection(SolutionProperties) = preSolution
		HideSolutionNode = FALSE
	EndGlobalSection
	GlobalSection(NestedProjects) = preSolution
		{12C21DD7-144B-4A1D-82DA-F796C8244D98} = {02545CA1-E0C2-4BEC-9AD1-7089345BEAC6}
		{F7C11EE8-5F83-4B5D-A635-B44DF4D8E250} = {486AAFBD-4E1E-4304-B6CD-2F34F7B48844}
		{D3B1062E-7A66-4767-BAC6-C36616C06B87} = {02545CA1-E0C2-4BEC-9AD1-7089345BEAC6}
		{5CC18E57-7D23-4932-8229-2DF73001B20D} = {00E4820F-4FCE-405B-ABEA-48566DBAF9F1}
	EndGlobalSection
	GlobalSection(ExtensibilityGlobals) = postSolution
		SolutionGuid = {670C31D5-BC5F-486B-933D-EC54E748CEB6}
	EndGlobalSection
EndGlobal
